
Microsoft Visual Studio Solution File, Format Version 12.00
# Visual Studio Version 16
VisualStudioVersion = 16.0.31402.337
MinimumVisualStudioVersion = 10.0.40219.1
Project("{F184B08F-C81C-45F6-A57F-5ABD9991F28F}") = "Act1", "Act1.vbproj", "{B947F31B-5C8A-4B63-94E5-FA104778CCEC}"
EndProject
Global
	GlobalSection(SolutionConfigurationPlatforms) = preSolution
		Debug|Any CPU = Debug|Any CPU
		Release|Any CPU = Release|Any CPU
	EndGlobalSection
	GlobalSection(ProjectConfigurationPlatforms) = postSolution
		{B947F31B-5C8A-4B63-94E5-FA104778CCEC}.Debug|Any CPU.ActiveCfg = Debug|Any CPU
		{B947F31B-5C8A-4B63-94E5-FA104778CCEC}.Debug|Any CPU.Build.0 = Debug|Any CPU
		{B947F31B-5C8A-4B63-94E5-FA104778CCEC}.Release|Any CPU.ActiveCfg = Release|Any CPU
		{B947F31B-5C8A-4B63-94E5-FA104778CCEC}.Release|Any CPU.Build.0 = Release|Any CPU
	EndGlobalSection
	GlobalSection(SolutionProperties) = preSolution
		HideSolutionNode = FALSE
	EndGlobalSection
	GlobalSection(ExtensibilityGlobals) = postSolution
		SolutionGuid = {6404A198-F801-4692-8702-B855C845CA03}
	EndGlobalSection
EndGlobal
